
Microsoft Visual Studio Solution File, Format Version 12.00
# Visual Studio Version 17
VisualStudioVersion = 17.4.33213.308
MinimumVisualStudioVersion = 10.0.40219.1
Project("{8BC9CEB8-8B4A-11D0-8D11-00A0C91BC942}") = "Project1", "Project1\Project1.vcxproj", "{DE3A6101-CC82-447F-8CC3-B6A12892CF07}"
EndProject
Project("{8BC9CEB8-8B4A-11D0-8D11-00A0C91BC942}") = "Project2", "Project2\Project2.vcxproj", "{A5F9DE9F-0DB2-4631-A919-2537991A03F0}"
EndProject
Project("{8BC9CEB8-8B4A-11D0-8D11-00A0C91BC942}") = "Project3", "Project3\Project3.vcxproj", "{3C398971-6FBE-4194-974E-1CEB7149998F}"
EndProject
Project("{8BC9CEB8-8B4A-11D0-8D11-00A0C91BC942}") = "Project4", "Project4\Project4.vcxproj", "{1B8C5B34-9160-4FD3-B765-31AF5250CA8E}"
EndProject
Project("{8BC9CEB8-8B4A-11D0-8D11-00A0C91BC942}") = "Project5", "Project5\Project5.vcxproj", "{7A9CEA8F-C7EC-4C09-A486-0FD75812F87E}"
EndProject
Project("{8BC9CEB8-8B4A-11D0-8D11-00A0C91BC942}") = "Project9", "Project9\Project9.vcxproj", "{36DADF69-4723-4041-B03D-23222AADA95A}"
EndProject
Project("{8BC9CEB8-8B4A-11D0-8D11-00A0C91BC942}") = "Project6", "Project6\Project6.vcxproj", "{23B1B505-842F-4818-989B-A86A4880142B}"
EndProject
Project("{8BC9CEB8-8B4A-11D0-8D11-00A0C91BC942}") = "Project7", "Project7\Project7.vcxproj", "{3BA60FDF-49D0-424B-A050-12E365771315}"
EndProject
Global
	GlobalSection(SolutionConfigurationPlatforms) = preSolution
		Debug|x64 = Debug|x64
		Debug|x86 = Debug|x86
		Release|x64 = Release|x64
		Release|x86 = Release|x86
	EndGlobalSection
	GlobalSection(ProjectConfigurationPlatforms) = postSolution
		{DE3A6101-CC82-447F-8CC3-B6A12892CF07}.Debug|x64.ActiveCfg = Debug|x64
		{DE3A6101-CC82-447F-8CC3-B6A12892CF07}.Debug|x64.Build.0 = Debug|x64
		{DE3A6101-CC82-447F-8CC3-B6A12892CF07}.Debug|x86.ActiveCfg = Debug|Win32
		{DE3A6101-CC82-447F-8CC3-B6A12892CF07}.Debug|x86.Build.0 = Debug|Win32
		{DE3A6101-CC82-447F-8CC3-B6A12892CF07}.Release|x64.ActiveCfg = Release|x64
		{DE3A6101-CC82-447F-8CC3-B6A12892CF07}.Release|x64.Build.0 = Release|x64
		{DE3A6101-CC82-447F-8CC3-B6A12892CF07}.Release|x86.ActiveCfg = Release|Win32
		{DE3A6101-CC82-447F-8CC3-B6A12892CF07}.Release|x86.Build.0 = Release|Win32
		{A5F9DE9F-0DB2-4631-A919-2537991A03F0}.Debug|x64.ActiveCfg = Debug|x64
		{A5F9DE9F-0DB2-4631-A919-2537991A03F0}.Debug|x64.Build.0 = Debug|x64
		{A5F9DE9F-0DB2-4631-A919-2537991A03F0}.Debug|x86.ActiveCfg = Debug|Win32
		{A5F9DE9F-0DB2-4631-A919-2537991A03F0}.Debug|x86.Build.0 = Debug|Win32
		{A5F9DE9F-0DB2-4631-A919-2537991A03F0}.Release|x64.ActiveCfg = Release|x64
		{A5F9DE9F-0DB2-4631-A919-2537991A03F0}.Release|x64.Build.0 = Release|x64
		{A5F9DE9F-0DB2-4631-A919-2537991A03F0}.Release|x86.ActiveCfg = Release|Win32
		{A5F9DE9F-0DB2-4631-A919-2537991A03F0}.Release|x86.Build.0 = Release|Win32
		{3C398971-6FBE-4194-974E-1CEB7149998F}.Debug|x64.ActiveCfg = Debug|x64
		{3C398971-6FBE-4194-974E-1CEB7149998F}.Debug|x64.Build.0 = Debug|x64
		{3C398971-6FBE-4194-974E-1CEB7149998F}.Debug|x86.ActiveCfg = Debug|Win32
		{3C398971-6FBE-4194-974E-1CEB7149998F}.Debug|x86.Build.0 = Debug|Win32
		{3C398971-6FBE-4194-974E-1CEB7149998F}.Release|x64.ActiveCfg = Release|x64
		{3C398971-6FBE-4194-974E-1CEB7149998F}.Release|x64.Build.0 = Release|x64
		{3C398971-6FBE-4194-974E-1CEB7149998F}.Release|x86.ActiveCfg = Release|Win32
		{3C398971-6FBE-4194-974E-1CEB7149998F}.Release|x86.Build.0 = Release|Win32
		{1B8C5B34-9160-4FD3-B765-31AF5250CA8E}.Debug|x64.ActiveCfg = Debug|x64
		{1B8C5B34-9160-4FD3-B765-31AF5250CA8E}.Debug|x64.Build.0 = Debug|x64
		{1B8C5B34-9160-4FD3-B765-31AF5250CA8E}.Debug|x86.ActiveCfg = Debug|Win32
		{1B8C5B34-9160-4FD3-B765-31AF5250CA8E}.Debug|x86.Build.0 = Debug|Win32
		{1B8C5B34-9160-4FD3-B765-31AF5250CA8E}.Release|x64.ActiveCfg = Release|x64
		{1B8C5B34-9160-4FD3-B765-31AF5250CA8E}.Release|x64.Build.0 = Release|x64
		{1B8C5B34-9160-4FD3-B765-31AF5250CA8E}.Release|x86.ActiveCfg = Release|Win32
		{1B8C5B34-9160-4FD3-B765-31AF5250CA8E}.Release|x86.Build.0 = Release|Win32
		{7A9CEA8F-C7EC-4C09-A486-0FD75812F87E}.Debug|x64.ActiveCfg = Debug|x64
		{7A9CEA8F-C7EC-4C09-A486-0FD75812F87E}.Debug|x64.Build.0 = Debug|x64
		{7A9CEA8F-C7EC-4C09-A486-0FD75812F87E}.Debug|x86.ActiveCfg = Debug|Win32
		{7A9CEA8F-C7EC-4C09-A486-0FD75812F87E}.Debug|x86.Build.0 = Debug|Win32
		{7A9CEA8F-C7EC-4C09-A486-0FD75812F87E}.Release|x64.ActiveCfg = Release|x64
		{7A9CEA8F-C7EC-4C09-A486-0FD75812F87E}.Release|x64.Build.0 = Release|x64
		{7A9CEA8F-C7EC-4C09-A486-0FD75812F87E}.Release|x86.ActiveCfg = Release|Win32
		{7A9CEA8F-C7EC-4C09-A486-0FD75812F87E}.Release|x86.Build.0 = Release|Win32
		{36DADF69-4723-4041-B03D-23222AADA95A}.Debug|x64.ActiveCfg = Debug|x64
		{36DADF69-4723-4041-B03D-23222AADA95A}.Debug|x64.Build.0 = Debug|x64
		{36DADF69-4723-4041-B03D-23222AADA95A}.Debug|x86.ActiveCfg = Debug|Win32
		{36DADF69-4723-4041-B03D-23222AADA95A}.Debug|x86.Build.0 = Debug|Win32
		{36DADF69-4723-4041-B03D-23222AADA95A}.Release|x64.ActiveCfg = Release|x64
		{36DADF69-4723-4041-B03D-23222AADA95A}.Release|x64.Build.0 = Release|x64
		{36DADF69-4723-4041-B03D-23222AADA95A}.Release|x86.ActiveCfg = Release|Win32
		{36DADF69-4723-4041-B03D-23222AADA95A}.Release|x86.Build.0 = Release|Win32
		{23B1B505-842F-4818-989B-A86A4880142B}.Debug|x64.ActiveCfg = Debug|x64
		{23B1B505-842F-4818-989B-A86A4880142B}.Debug|x64.Build.0 = Debug|x64
		{23B1B505-842F-4818-989B-A86A4880142B}.Debug|x86.ActiveCfg = Debug|Win32
		{23B1B505-842F-4818-989B-A86A4880142B}.Debug|x86.Build.0 = Debug|Win32
		{23B1B505-842F-4818-989B-A86A4880142B}.Release|x64.ActiveCfg = Release|x64
		{23B1B505-842F-4818-989B-A86A4880142B}.Release|x64.Build.0 = Release|x64
		{23B1B505-842F-4818-989B-A86A4880142B}.Release|x86.ActiveCfg = Release|Win32
		{23B1B505-842F-4818-989B-A86A4880142B}.Release|x86.Build.0 = Release|Win32
		{3BA60FDF-49D0-424B-A050-12E365771315}.Debug|x64.ActiveCfg = Debug|x64
		{3BA60FDF-49D0-424B-A050-12E365771315}.Debug|x64.Build.0 = Debug|x64
		{3BA60FDF-49D0-424B-A050-12E365771315}.Debug|x86.ActiveCfg = Debug|Win32
		{3BA60FDF-49D0-424B-A050-12E365771315}.Debug|x86.Build.0 = Debug|Win32
		{3BA60FDF-49D0-424B-A050-12E365771315}.Release|x64.ActiveCfg = Release|x64
		{3BA60FDF-49D0-424B-A050-12E365771315}.Release|x64.Build.0 = Release|x64
		{3BA60FDF-49D0-424B-A050-12E365771315}.Release|x86.ActiveCfg = Release|Win32
		{3BA60FDF-49D0-424B-A050-12E365771315}.Release|x86.Build.0 = Release|Win32
	EndGlobalSection
	GlobalSection(SolutionProperties) = preSolution
		HideSolutionNode = FALSE
	EndGlobalSection
	GlobalSection(ExtensibilityGlobals) = postSolution
		SolutionGuid = {4D4C36A8-33CA-4875-A835-C54C948FBF63}
	EndGlobalSection
EndGlobal
